PATH
  remote: .
  specs:
    heroku_delayed_job_autoscale (0.0.1)
      delayed_job (>= 2.1)
      heroku (>= 1)
      rush (>= 0.6)

GEM
  remote: http://rubygems.org/
  specs:
    activesupport (3.0.3)
    configuration (1.2.0)
    daemons (1.1.0)
    delayed_job (2.1.2)
      activesupport (~> 3.0)
      daemons
    fattr (2.2.0)
    heroku (1.16.2)
      json_pure (>= 1.2.0, < 1.5.0)
      launchy (~> 0.3.2)
      rest-client (>= 1.4.0, < 1.7.0)
    json_pure (1.4.6)
    launchy (0.3.7)
      configuration (>= 0.0.5)
      rake (>= 0.8.1)
    mime-types (1.16)
    rake (0.8.7)
    rest-client (1.6.1)
      mime-types (>= 1.16)
    rush (0.6.7)
      session
    session (3.1.0)
      fattr

PLATFORMS
  ruby

DEPENDENCIES
  delayed_job (>= 2.1)
  heroku (>= 1)
  heroku_delayed_job_autoscale!
  rush (>= 0.6)
